
Microsoft Visual Studio Solution File, Format Version 12.00
# Visual Studio Version 17
VisualStudioVersion = 17.13.35806.99 d17.13
MinimumVisualStudioVersion = 10.0.40219.1
Project("{FAE04EC0-301F-11D3-BF4B-00C04F79EFBC}") = "elektros_kalkuliatorius_csharp", "elektros_kalkuliatorius_csharp\elektros_kalkuliatorius_csharp.csproj", "{D5E067C9-3489-4B0E-B342-1576D70582DA}"
EndProject
Global
	GlobalSection(SolutionConfigurationPlatforms) = preSolution
		Debug|Any CPU = Debug|Any CPU
		Release|Any CPU = Release|Any CPU
	EndGlobalSection
	GlobalSection(ProjectConfigurationPlatforms) = postSolution
		{D5E067C9-3489-4B0E-B342-1576D70582DA}.Debug|Any CPU.ActiveCfg = Debug|Any CPU
		{D5E067C9-3489-4B0E-B342-1576D70582DA}.Debug|Any CPU.Build.0 = Debug|Any CPU
		{D5E067C9-3489-4B0E-B342-1576D70582DA}.Release|Any CPU.ActiveCfg = Release|Any CPU
		{D5E067C9-3489-4B0E-B342-1576D70582DA}.Release|Any CPU.Build.0 = Release|Any CPU
	EndGlobalSection
	GlobalSection(SolutionProperties) = preSolution
		HideSolutionNode = FALSE
	EndGlobalSection
	GlobalSection(ExtensibilityGlobals) = postSolution
		SolutionGuid = {3D3BA169-AFBF-48C5-9D1C-7B07B166F9F8}
	EndGlobalSection
EndGlobal
